// !$*UTF8*$!
{
	archiveVersion = 1;
	classes = {
	};
	objectVersion = 56;
	objects = {

/* Begin PBXBuildFile section */
		748878C82A31C17F004520DB /* VinstageApp.swift in Sources */ = {isa = PBXBuildFile; fileRef = 748878C72A31C17F004520DB /* VinstageApp.swift */; };
		748878CA2A31C17F004520DB /* ContentView.swift in Sources */ = {isa = PBXBuildFile; fileRef = 748878C92A31C17F004520DB /* ContentView.swift */; };
		748878CC2A31C180004520DB /* Assets.xcassets in Resources */ = {isa = PBXBuildFile; fileRef = 748878CB2A31C180004520DB /* Assets.xcassets */; };
		748878CF2A31C180004520DB /* Preview Assets.xcassets in Resources */ = {isa = PBXBuildFile; fileRef = 748878CE2A31C180004520DB /* Preview Assets.xcassets */; };
		748878D82A31C2DB004520DB /* Piece.swift in Sources */ = {isa = PBXBuildFile; fileRef = 748878D72A31C2DB004520DB /* Piece.swift */; };
		748878DA2A31C399004520DB /* Location.swift in Sources */ = {isa = PBXBuildFile; fileRef = 748878D92A31C399004520DB /* Location.swift */; };
		748878DC2A31C3E1004520DB /* MapView.swift in Sources */ = {isa = PBXBuildFile; fileRef = 748878DB2A31C3E1004520DB /* MapView.swift */; };
		748878DF2A31C50E004520DB /* LocationManager.swift in Sources */ = {isa = PBXBuildFile; fileRef = 748878DE2A31C50E004520DB /* LocationManager.swift */; };
		748878E22A31CF99004520DB /* PieceAnnotation.swift in Sources */ = {isa = PBXBuildFile; fileRef = 748878E12A31CF99004520DB /* PieceAnnotation.swift */; };
		748878E62A31D5F9004520DB /* PieceDetails.swift in Sources */ = {isa = PBXBuildFile; fileRef = 748878E52A31D5F9004520DB /* PieceDetails.swift */; };
		748878E92A31D811004520DB /* User.swift in Sources */ = {isa = PBXBuildFile; fileRef = 748878E82A31D811004520DB /* User.swift */; };
		748878EC2A31F256004520DB /* EditPieceView.swift in Sources */ = {isa = PBXBuildFile; fileRef = 748878EB2A31F256004520DB /* EditPieceView.swift */; };
		748878EE2A31F5AB004520DB /* PieceImageView.swift in Sources */ = {isa = PBXBuildFile; fileRef = 748878ED2A31F5AB004520DB /* PieceImageView.swift */; };
		748878F02A31F865004520DB /* PieceImage.swift in Sources */ = {isa = PBXBuildFile; fileRef = 748878EF2A31F865004520DB /* PieceImage.swift */; };
		748878F22A31FB8F004520DB /* NewPieceView.swift in Sources */ = {isa = PBXBuildFile; fileRef = 748878F12A31FB8F004520DB /* NewPieceView.swift */; };
		748878F42A31FD92004520DB /* UserKey.swift in Sources */ = {isa = PBXBuildFile; fileRef = 748878F32A31FD92004520DB /* UserKey.swift */; };
		748878F62A3210DE004520DB /* PieceService.swift in Sources */ = {isa = PBXBuildFile; fileRef = 748878F52A3210DE004520DB /* PieceService.swift */; };
/* End PBXBuildFile section */

/* Begin PBXFileReference section */
		748878C42A31C17F004520DB /* Vinstage.app */ = {isa = PBXFileReference; explicitFileType = wrapper.application; includeInIndex = 0; path = Vinstage.app; sourceTree = BUILT_PRODUCTS_DIR; };
		748878C72A31C17F004520DB /* VinstageApp.swift */ = {isa = PBXFileReference; lastKnownFileType = sourcecode.swift; path = VinstageApp.swift; sourceTree = "<group>"; };
		748878C92A31C17F004520DB /* ContentView.swift */ = {isa = PBXFileReference; lastKnownFileType = sourcecode.swift; path = ContentView.swift; sourceTree = "<group>"; };
		748878CB2A31C180004520DB /* Assets.xcassets */ = {isa = PBXFileReference; lastKnownFileType = folder.assetcatalog; path = Assets.xcassets; sourceTree = "<group>"; };
		748878CE2A31C180004520DB /* Preview Assets.xcassets */ = {isa = PBXFileReference; lastKnownFileType = folder.assetcatalog; path = "Preview Assets.xcassets"; sourceTree = "<group>"; };
		748878D72A31C2DB004520DB /* Piece.swift */ = {isa = PBXFileReference; lastKnownFileType = sourcecode.swift; path = Piece.swift; sourceTree = "<group>"; };
		748878D92A31C399004520DB /* Location.swift */ = {isa = PBXFileReference; lastKnownFileType = sourcecode.swift; path = Location.swift; sourceTree = "<group>"; };
		748878DB2A31C3E1004520DB /* MapView.swift */ = {isa = PBXFileReference; lastKnownFileType = sourcecode.swift; path = MapView.swift; sourceTree = "<group>"; };
		748878DE2A31C50E004520DB /* LocationManager.swift */ = {isa = PBXFileReference; lastKnownFileType = sourcecode.swift; path = LocationManager.swift; sourceTree = "<group>"; };
		748878E12A31CF99004520DB /* PieceAnnotation.swift */ = {isa = PBXFileReference; lastKnownFileType = sourcecode.swift; path = PieceAnnotation.swift; sourceTree = "<group>"; };
		748878E52A31D5F9004520DB /* PieceDetails.swift */ = {isa = PBXFileReference; lastKnownFileType = sourcecode.swift; path = PieceDetails.swift; sourceTree = "<group>"; };
		748878E82A31D811004520DB /* User.swift */ = {isa = PBXFileReference; lastKnownFileType = sourcecode.swift; path = User.swift; sourceTree = "<group>"; };
		748878EA2A31E263004520DB /* Info.plist */ = {isa = PBXFileReference; lastKnownFileType = text.plist; path = Info.plist; sourceTree = "<group>"; };
		748878EB2A31F256004520DB /* EditPieceView.swift */ = {isa = PBXFileReference; lastKnownFileType = sourcecode.swift; path = EditPieceView.swift; sourceTree = "<group>"; };
		748878ED2A31F5AB004520DB /* PieceImageView.swift */ = {isa = PBXFileReference; lastKnownFileType = sourcecode.swift; path = PieceImageView.swift; sourceTree = "<group>"; };
		748878EF2A31F865004520DB /* PieceImage.swift */ = {isa = PBXFileReference; lastKnownFileType = sourcecode.swift; path = PieceImage.swift; sourceTree = "<group>"; };
		748878F12A31FB8F004520DB /* NewPieceView.swift */ = {isa = PBXFileReference; lastKnownFileType = sourcecode.swift; path = NewPieceView.swift; sourceTree = "<group>"; };
		748878F32A31FD92004520DB /* UserKey.swift */ = {isa = PBXFileReference; lastKnownFileType = sourcecode.swift; path = UserKey.swift; sourceTree = "<group>"; };
		748878F52A3210DE004520DB /* PieceService.swift */ = {isa = PBXFileReference; lastKnownFileType = sourcecode.swift; path = PieceService.swift; sourceTree = "<group>"; };
/* End PBXFileReference section */

/* Begin PBXFrameworksBuildPhase section */
		748878C12A31C17F004520DB /* Frameworks */ = {
			isa = PBXFrameworksBuildPhase;
			buildActionMask = 2147483647;
			files = (
			);
			runOnlyForDeploymentPostprocessing = 0;
		};
/* End PBXFrameworksBuildPhase section */

/* Begin PBXGroup section */
		748878BB2A31C17F004520DB = {
			isa = PBXGroup;
			children = (
				748878C62A31C17F004520DB /* Vinstage */,
				748878C52A31C17F004520DB /* Products */,
			);
			sourceTree = "<group>";
		};
		748878C52A31C17F004520DB /* Products */ = {
			isa = PBXGroup;
			children = (
				748878C42A31C17F004520DB /* Vinstage.app */,
			);
			name = Products;
			sourceTree = "<group>";
		};
		748878C62A31C17F004520DB /* Vinstage */ = {
			isa = PBXGroup;
			children = (
				748878EA2A31E263004520DB /* Info.plist */,
				748878DD2A31C4FA004520DB /* Services */,
				748878D62A31C2B6004520DB /* Models */,
				748878D52A31C2AC004520DB /* Views */,
				748878C72A31C17F004520DB /* VinstageApp.swift */,
				748878CB2A31C180004520DB /* Assets.xcassets */,
				748878CD2A31C180004520DB /* Preview Content */,
				748878F32A31FD92004520DB /* UserKey.swift */,
			);
			path = Vinstage;
			sourceTree = "<group>";
		};
		748878CD2A31C180004520DB /* Preview Content */ = {
			isa = PBXGroup;
			children = (
				748878CE2A31C180004520DB /* Preview Assets.xcassets */,
			);
			path = "Preview Content";
			sourceTree = "<group>";
		};
		748878D52A31C2AC004520DB /* Views */ = {
			isa = PBXGroup;
			children = (
				748878E72A31D7B5004520DB /* Piece */,
				748878E02A31CF87004520DB /* Map */,
				748878C92A31C17F004520DB /* ContentView.swift */,
			);
			path = Views;
			sourceTree = "<group>";
		};
		748878D62A31C2B6004520DB /* Models */ = {
			isa = PBXGroup;
			children = (
				748878D72A31C2DB004520DB /* Piece.swift */,
				748878D92A31C399004520DB /* Location.swift */,
				748878E82A31D811004520DB /* User.swift */,
				748878EF2A31F865004520DB /* PieceImage.swift */,
			);
			path = Models;
			sourceTree = "<group>";
		};
		748878DD2A31C4FA004520DB /* Services */ = {
			isa = PBXGroup;
			children = (
				748878DE2A31C50E004520DB /* LocationManager.swift */,
				748878F52A3210DE004520DB /* PieceService.swift */,
			);
			path = Services;
			sourceTree = "<group>";
		};
		748878E02A31CF87004520DB /* Map */ = {
			isa = PBXGroup;
			children = (
				748878DB2A31C3E1004520DB /* MapView.swift */,
				748878E12A31CF99004520DB /* PieceAnnotation.swift */,
			);
			path = Map;
			sourceTree = "<group>";
		};
		748878E72A31D7B5004520DB /* Piece */ = {
			isa = PBXGroup;
			children = (
				748878E52A31D5F9004520DB /* PieceDetails.swift */,
				748878EB2A31F256004520DB /* EditPieceView.swift */,
				748878ED2A31F5AB004520DB /* PieceImageView.swift */,
				748878F12A31FB8F004520DB /* NewPieceView.swift */,
			);
			path = Piece;
			sourceTree = "<group>";
		};
/* End PBXGroup section */

/* Begin PBXNativeTarget section */
		748878C32A31C17F004520DB /* Vinstage */ = {
			isa = PBXNativeTarget;
			buildConfigurationList = 748878D22A31C180004520DB /* Build configuration list for PBXNativeTarget "Vinstage" */;
			buildPhases = (
				748878C02A31C17F004520DB /* Sources */,
				748878C12A31C17F004520DB /* Frameworks */,
				748878C22A31C17F004520DB /* Resources */,
			);
			buildRules = (
			);
			dependencies = (
			);
			name = Vinstage;
			productName = Vinstage;
			productReference = 748878C42A31C17F004520DB /* Vinstage.app */;
			productType = "com.apple.product-type.application";
		};
/* End PBXNativeTarget section */

/* Begin PBXProject section */
		748878BC2A31C17F004520DB /* Project object */ = {
			isa = PBXProject;
			attributes = {
				BuildIndependentTargetsInParallel = 1;
				LastSwiftUpdateCheck = 1430;
				LastUpgradeCheck = 1430;
				TargetAttributes = {
					748878C32A31C17F004520DB = {
						CreatedOnToolsVersion = 14.3.1;
					};
				};
			};
			buildConfigurationList = 748878BF2A31C17F004520DB /* Build configuration list for PBXProject "Vinstage" */;
			compatibilityVersion = "Xcode 14.0";
			developmentRegion = en;
			hasScannedForEncodings = 0;
			knownRegions = (
				en,
				Base,
			);
			mainGroup = 748878BB2A31C17F004520DB;
			productRefGroup = 748878C52A31C17F004520DB /* Products */;
			projectDirPath = "";
			projectRoot = "";
			targets = (
				748878C32A31C17F004520DB /* Vinstage */,
			);
		};
/* End PBXProject section */

/* Begin PBXResourcesBuildPhase section */
		748878C22A31C17F004520DB /* Resources */ = {
			isa = PBXResourcesBuildPhase;
			buildActionMask = 2147483647;
			files = (
				748878CF2A31C180004520DB /* Preview Assets.xcassets in Resources */,
				748878CC2A31C180004520DB /* Assets.xcassets in Resources */,
			);
			runOnlyForDeploymentPostprocessing = 0;
		};
/* End PBXResourcesBuildPhase section */

/* Begin PBXSourcesBuildPhase section */
		748878C02A31C17F004520DB /* Sources */ = {
			isa = PBXSourcesBuildPhase;
			buildActionMask = 2147483647;
			files = (
				748878F22A31FB8F004520DB /* NewPieceView.swift in Sources */,
				748878EE2A31F5AB004520DB /* PieceImageView.swift in Sources */,
				748878F62A3210DE004520DB /* PieceService.swift in Sources */,
				748878CA2A31C17F004520DB /* ContentView.swift in Sources */,
				748878F02A31F865004520DB /* PieceImage.swift in Sources */,
				748878C82A31C17F004520DB /* VinstageApp.swift in Sources */,
				748878E22A31CF99004520DB /* PieceAnnotation.swift in Sources */,
				748878E62A31D5F9004520DB /* PieceDetails.swift in Sources */,
				748878DF2A31C50E004520DB /* LocationManager.swift in Sources */,
				748878F42A31FD92004520DB /* UserKey.swift in Sources */,
				748878EC2A31F256004520DB /* EditPieceView.swift in Sources */,
				748878DC2A31C3E1004520DB /* MapView.swift in Sources */,
				748878DA2A31C399004520DB /* Location.swift in Sources */,
				748878E92A31D811004520DB /* User.swift in Sources */,
				748878D82A31C2DB004520DB /* Piece.swift in Sources */,
			);
			runOnlyForDeploymentPostprocessing = 0;
		};
/* End PBXSourcesBuildPhase section */

/* Begin XCBuildConfiguration section */
		748878D02A31C180004520DB /* Debug */ = {
			isa = XCBuildConfiguration;
			buildSettings = {
				ALWAYS_SEARCH_USER_PATHS = NO;
				CLANG_ANALYZER_NONNULL = YES;
				CLANG_ANALYZER_NUMBER_OBJECT_CONVERSION = YES_AGGRESSIVE;
				CLANG_CXX_LANGUAGE_STANDARD = "gnu++20";
				CLANG_ENABLE_MODULES = YES;
				CLANG_ENABLE_OBJC_ARC = YES;
				CLANG_ENABLE_OBJC_WEAK = YES;
				CLANG_WARN_BLOCK_CAPTURE_AUTORELEASING = YES;
				CLANG_WARN_BOOL_CONVERSION = YES;
				CLANG_WARN_COMMA = YES;
				CLANG_WARN_CONSTANT_CONVERSION = YES;
				CLANG_WARN_DEPRECATED_OBJC_IMPLEMENTATIONS = YES;
				CLANG_WARN_DIRECT_OBJC_ISA_USAGE = YES_ERROR;
				CLANG_WARN_DOCUMENTATION_COMMENTS = YES;
				CLANG_WARN_EMPTY_BODY = YES;
				CLANG_WARN_ENUM_CONVERSION = YES;
				CLANG_WARN_INFINITE_RECURSION = YES;
				CLANG_WARN_INT_CONVERSION = YES;
				CLANG_WARN_NON_LITERAL_NULL_CONVERSION = YES;
				CLANG_WARN_OBJC_IMPLICIT_RETAIN_SELF = YES;
				CLANG_WARN_OBJC_LITERAL_CONVERSION = YES;
				CLANG_WARN_OBJC_ROOT_CLASS = YES_ERROR;
				CLANG_WARN_QUOTED_INCLUDE_IN_FRAMEWORK_HEADER = YES;
				CLANG_WARN_RANGE_LOOP_ANALYSIS = YES;
				CLANG_WARN_STRICT_PROTOTYPES = YES;
				CLANG_WARN_SUSPICIOUS_MOVE = YES;
				CLANG_WARN_UNGUARDED_AVAILABILITY = YES_AGGRESSIVE;
				CLANG_WARN_UNREACHABLE_CODE = YES;
				CLANG_WARN__DUPLICATE_METHOD_MATCH = YES;
				COPY_PHASE_STRIP = NO;
				DEBUG_INFORMATION_FORMAT = dwarf;
				ENABLE_STRICT_OBJC_MSGSEND = YES;
				ENABLE_TESTABILITY = YES;
				GCC_C_LANGUAGE_STANDARD = gnu11;
				GCC_DYNAMIC_NO_PIC = NO;
				GCC_NO_COMMON_BLOCKS = YES;
				GCC_OPTIMIZATION_LEVEL = 0;
				GCC_PREPROCESSOR_DEFINITIONS = (
					"DEBUG=1",
					"$(inherited)",
				);
				GCC_WARN_64_TO_32_BIT_CONVERSION = YES;
				GCC_WARN_ABOUT_RETURN_TYPE = YES_ERROR;
				GCC_WARN_UNDECLARED_SELECTOR = YES;
				GCC_WARN_UNINITIALIZED_AUTOS = YES_AGGRESSIVE;
				GCC_WARN_UNUSED_FUNCTION = YES;
				GCC_WARN_UNUSED_VARIABLE = YES;
				IPHONEOS_DEPLOYMENT_TARGET = 16.4;
				MTL_ENABLE_DEBUG_INFO = INCLUDE_SOURCE;
				MTL_FAST_MATH = YES;
				ONLY_ACTIVE_ARCH = YES;
				SDKROOT = iphoneos;
				SWIFT_ACTIVE_COMPILATION_CONDITIONS = DEBUG;
				SWIFT_OPTIMIZATION_LEVEL = "-Onone";
			};
			name = Debug;
		};
		748878D12A31C180004520DB /* Release */ = {
			isa = XCBuildConfiguration;
			buildSettings = {
				ALWAYS_SEARCH_USER_PATHS = NO;
				CLANG_ANALYZER_NONNULL = YES;
				CLANG_ANALYZER_NUMBER_OBJECT_CONVERSION = YES_AGGRESSIVE;
				CLANG_CXX_LANGUAGE_STANDARD = "gnu++20";
				CLANG_ENABLE_MODULES = YES;
				CLANG_ENABLE_OBJC_ARC = YES;
				CLANG_ENABLE_OBJC_WEAK = YES;
				CLANG_WARN_BLOCK_CAPTURE_AUTORELEASING = YES;
				CLANG_WARN_BOOL_CONVERSION = YES;
				CLANG_WARN_COMMA = YES;
				CLANG_WARN_CONSTANT_CONVERSION = YES;
				CLANG_WARN_DEPRECATED_OBJC_IMPLEMENTATIONS = YES;
				CLANG_WARN_DIRECT_OBJC_ISA_USAGE = YES_ERROR;
				CLANG_WARN_DOCUMENTATION_COMMENTS = YES;
				CLANG_WARN_EMPTY_BODY = YES;
				CLANG_WARN_ENUM_CONVERSION = YES;
				CLANG_WARN_INFINITE_RECURSION = YES;
				CLANG_WARN_INT_CONVERSION = YES;
				CLANG_WARN_NON_LITERAL_NULL_CONVERSION = YES;
				CLANG_WARN_OBJC_IMPLICIT_RETAIN_SELF = YES;
				CLANG_WARN_OBJC_LITERAL_CONVERSION = YES;
				CLANG_WARN_OBJC_ROOT_CLASS = YES_ERROR;
				CLANG_WARN_QUOTED_INCLUDE_IN_FRAMEWORK_HEADER = YES;
				CLANG_WARN_RANGE_LOOP_ANALYSIS = YES;
				CLANG_WARN_STRICT_PROTOTYPES = YES;
				CLANG_WARN_SUSPICIOUS_MOVE = YES;
				CLANG_WARN_UNGUARDED_AVAILABILITY = YES_AGGRESSIVE;
				CLANG_WARN_UNREACHABLE_CODE = YES;
				CLANG_WARN__DUPLICATE_METHOD_MATCH = YES;
				COPY_PHASE_STRIP = NO;
				DEBUG_INFORMATION_FORMAT = "dwarf-with-dsym";
				ENABLE_NS_ASSERTIONS = NO;
				ENABLE_STRICT_OBJC_MSGSEND = YES;
				GCC_C_LANGUAGE_STANDARD = gnu11;
				GCC_NO_COMMON_BLOCKS = YES;
				GCC_WARN_64_TO_32_BIT_CONVERSION = YES;
				GCC_WARN_ABOUT_RETURN_TYPE = YES_ERROR;
				GCC_WARN_UNDECLARED_SELECTOR = YES;
				GCC_WARN_UNINITIALIZED_AUTOS = YES_AGGRESSIVE;
				GCC_WARN_UNUSED_FUNCTION = YES;
				GCC_WARN_UNUSED_VARIABLE = YES;
				IPHONEOS_DEPLOYMENT_TARGET = 16.4;
				MTL_ENABLE_DEBUG_INFO = NO;
				MTL_FAST_MATH = YES;
				SDKROOT = iphoneos;
				SWIFT_COMPILATION_MODE = wholemodule;
				SWIFT_OPTIMIZATION_LEVEL = "-O";
				VALIDATE_PRODUCT = YES;
			};
			name = Release;
		};
		748878D32A31C180004520DB /* Debug */ = {
			isa = XCBuildConfiguration;
			buildSettings = {
				ASSETCATALOG_COMPILER_APPICON_NAME = AppIcon;
				ASSETCATALOG_COMPILER_GLOBAL_ACCENT_COLOR_NAME = AccentColor;
				CODE_SIGN_STYLE = Automatic;
				CURRENT_PROJECT_VERSION = 1;
				DEVELOPMENT_ASSET_PATHS = "\"Vinstage/Preview Content\"";
				DEVELOPMENT_TEAM = 89ZH7B6C89;
				ENABLE_PREVIEWS = YES;
				GENERATE_INFOPLIST_FILE = YES;
				INFOPLIST_FILE = Vinstage/Info.plist;
				INFOPLIST_KEY_NSLocationWhenInUseUsageDescription = "Show pieces nearby";
				INFOPLIST_KEY_UIApplicationSceneManifest_Generation = YES;
				INFOPLIST_KEY_UIApplicationSupportsIndirectInputEvents = YES;
				INFOPLIST_KEY_UILaunchScreen_Generation = YES;
				INFOPLIST_KEY_UISupportedInterfaceOrientations_iPad = "UIInterfaceOrientationPortrait UIInterfaceOrientationPortraitUpsideDown UIInterfaceOrientationLandscapeLeft UIInterfaceOrientationLandscapeRight";
				INFOPLIST_KEY_UISupportedInterfaceOrientations_iPhone = "UIInterfaceOrientationPortrait UIInterfaceOrientationLandscapeLeft UIInterfaceOrientationLandscapeRight";
				LD_RUNPATH_SEARCH_PATHS = (
					"$(inherited)",
					"@executable_path/Frameworks",
				);
				MARKETING_VERSION = 1.0;
				PRODUCT_BUNDLE_IDENTIFIER = com.roeekl.Junkyard;
				PRODUCT_NAME = "$(TARGET_NAME)";
				SWIFT_EMIT_LOC_STRINGS = YES;
				SWIFT_VERSION = 5.0;
				TARGETED_DEVICE_FAMILY = "1,2";
			};
			name = Debug;
		};
		748878D42A31C180004520DB /* Release */ = {
			isa = XCBuildConfiguration;
			buildSettings = {
				ASSETCATALOG_COMPILER_APPICON_NAME = AppIcon;
				ASSETCATALOG_COMPILER_GLOBAL_ACCENT_COLOR_NAME = AccentColor;
				CODE_SIGN_STYLE = Automatic;
				CURRENT_PROJECT_VERSION = 1;
				DEVELOPMENT_ASSET_PATHS = "\"Vinstage/Preview Content\"";
				DEVELOPMENT_TEAM = 89ZH7B6C89;
				ENABLE_PREVIEWS = YES;
				GENERATE_INFOPLIST_FILE = YES;
				INFOPLIST_FILE = Vinstage/Info.plist;
				INFOPLIST_KEY_NSLocationWhenInUseUsageDescription = "Show pieces nearby";
				INFOPLIST_KEY_UIApplicationSceneManifest_Generation = YES;
				INFOPLIST_KEY_UIApplicationSupportsIndirectInputEvents = YES;
				INFOPLIST_KEY_UILaunchScreen_Generation = YES;
				INFOPLIST_KEY_UISupportedInterfaceOrientations_iPad = "UIInterfaceOrientationPortrait UIInterfaceOrientationPortraitUpsideDown UIInterfaceOrientationLandscapeLeft UIInterfaceOrientationLandscapeRight";
				INFOPLIST_KEY_UISupportedInterfaceOrientations_iPhone = "UIInterfaceOrientationPortrait UIInterfaceOrientationLandscapeLeft UIInterfaceOrientationLandscapeRight";
				LD_RUNPATH_SEARCH_PATHS = (
					"$(inherited)",
					"@executable_path/Frameworks",
				);
				MARKETING_VERSION = 1.0;
				PRODUCT_BUNDLE_IDENTIFIER = com.roeekl.Junkyard;
				PRODUCT_NAME = "$(TARGET_NAME)";
				SWIFT_EMIT_LOC_STRINGS = YES;
				SWIFT_VERSION = 5.0;
				TARGETED_DEVICE_FAMILY = "1,2";
			};
			name = Release;
		};
/* End XCBuildConfiguration section */

/* Begin XCConfigurationList section */
		748878BF2A31C17F004520DB /* Build configuration list for PBXProject "Vinstage" */ = {
			isa = XCConfigurationList;
			buildConfigurations = (
				748878D02A31C180004520DB /* Debug */,
				748878D12A31C180004520DB /* Release */,
			);
			defaultConfigurationIsVisible = 0;
			defaultConfigurationName = Release;
		};
		748878D22A31C180004520DB /* Build configuration list for PBXNativeTarget "Vinstage" */ = {
			isa = XCConfigurationList;
			buildConfigurations = (
				748878D32A31C180004520DB /* Debug */,
				748878D42A31C180004520DB /* Release */,
			);
			defaultConfigurationIsVisible = 0;
			defaultConfigurationName = Release;
		};
/* End XCConfigurationList section */
	};
	rootObject = 748878BC2A31C17F004520DB /* Project object */;
}
